{
  "name": "wordpress-fargate",
  "version": "1.0.0",
  "lockfileVersion": 2,
  "requires": true,
  "packages": {
    "": {
      "name": "wordpress-fargate",
      "version": "1.0.0",
      "license": "ISC",
      "dependencies": {
        "@cfn-modules/alb": "^1.0.4",
        "@cfn-modules/alb-listener": "^1.2.0",
        "@cfn-modules/client-sg": "^1.0.0",
        "@cfn-modules/ecs-alb-target": "^1.4.0",
        "@cfn-modules/ecs-cluster": "^1.1.0",
        "@cfn-modules/efs-file-system": "^1.3.0",
        "@cfn-modules/fargate-service": "^2.11.0",
        "@cfn-modules/rds-mysql": "^1.3.0",
        "@cfn-modules/vpc": "^1.3.0"
      }
    },
    "node_modules/@cfn-modules/alb": {
      "version": "1.0.4",
      "resolved": "https://registry.npmjs.org/@cfn-modules/alb/-/alb-1.0.4.tgz",
      "integrity": "sha512-eeuHmxFSU60lw0xjZ0syLRbFqUV1qO94azO9Hr9/RASneD2yGvFWO2wS6XzezXS5//HwTv+rW3iskUWwi/8vfA=="
    },
    "node_modules/@cfn-modules/alb-listener": {
      "version": "1.2.0",
      "resolved": "https://registry.npmjs.org/@cfn-modules/alb-listener/-/alb-listener-1.2.0.tgz",
      "integrity": "sha512-XAcXsn2sHkBWcjQNkuor6R6HCb3d4jdXpDzX7dwNmBT/5G/BPv0WiKIyI8EijJ13O3Nu+uqlkU97H10UmP8xaA=="
    },
    "node_modules/@cfn-modules/client-sg": {
      "version": "1.0.0",
      "resolved": "https://registry.npmjs.org/@cfn-modules/client-sg/-/client-sg-1.0.0.tgz",
      "integrity": "sha512-onauCbqqXYn/coJhdwvpcZU8XK9WZwA66AChsSQwSBBj+JLvByTXXRep7x/hWL11JQ7eIjOuDKsF8GK1D22Tjw=="
    },
    "node_modules/@cfn-modules/ecs-alb-target": {
      "version": "1.4.0",
      "resolved": "https://registry.npmjs.org/@cfn-modules/ecs-alb-target/-/ecs-alb-target-1.4.0.tgz",
      "integrity": "sha512-N+NEBxt5lShLoP22QnOqIvbL0lworB5nKwbmNUNVbIDjTZ0xS/+OXkit+qNKoWEBuztj30QjK2kujJOjTCwjdg=="
    },
    "node_modules/@cfn-modules/ecs-cluster": {
      "version": "1.1.0",
      "resolved": "https://registry.npmjs.org/@cfn-modules/ecs-cluster/-/ecs-cluster-1.1.0.tgz",
      "integrity": "sha512-Kai7lgLjUBHznkOl6iqY2daTOLAOwOMaB/Vl5PdBFuhdIsqLubfVSJ0GdRuowgGPoWsq4ubmI4JVgJdzh13rDA=="
    },
    "node_modules/@cfn-modules/efs-file-system": {
      "version": "1.3.0",
      "resolved": "https://registry.npmjs.org/@cfn-modules/efs-file-system/-/efs-file-system-1.3.0.tgz",
      "integrity": "sha512-7Bzdj+K/SQ6lwNpW1IF0iePADepJ+dfnb+9SkQOPk6iU2y8OoQI/W7zccNOVmcHBlNbhvQwi5f27WLhBr9R22Q=="
    },
    "node_modules/@cfn-modules/fargate-service": {
      "version": "2.11.0",
      "resolved": "https://registry.npmjs.org/@cfn-modules/fargate-service/-/fargate-service-2.11.0.tgz",
      "integrity": "sha512-QzJwhEf3lt562cC6SPPMwxiKRjUGncQIirSmScSukMHpeqJB2tmLM6ib84RqfQbtvNd7N7dR7Wvz8jQ9Zw6UyA=="
    },
    "node_modules/@cfn-modules/rds-mysql": {
      "version": "1.3.0",
      "resolved": "https://registry.npmjs.org/@cfn-modules/rds-mysql/-/rds-mysql-1.3.0.tgz",
      "integrity": "sha512-RvapNyDHvWjE3cVSaWVqAzSdm8Xy2rPEZYwoRkstezlQLBYL7VZCb96hJSkPY4uFAQ7a5gx4yzMTI1glrl3JGQ==",
      "bundleDependencies": [
        "@cfn-modules/rds-instance"
      ],
      "dependencies": {
        "@cfn-modules/rds-instance": "*"
      }
    },
    "node_modules/@cfn-modules/rds-mysql/node_modules/@cfn-modules/rds-instance": {
      "version": "1.2.0",
      "inBundle": true,
      "license": "Apache-2.0"
    },
    "node_modules/@cfn-modules/vpc": {
      "version": "1.3.0",
      "resolved": "https://registry.npmjs.org/@cfn-modules/vpc/-/vpc-1.3.0.tgz",
      "integrity": "sha512-EqTbS1zT+3B+ZjANv5z8QfMMIKl1beSTY084jIyW+bSy9I61Okwh+6ULJ7QPFKlEvrLLHhOLczUwe+TwmLAFWA==",
      "bundleDependencies": [
        "@cfn-modules/vpc-flow-log",
        "@cfn-modules/vpc-nat-gateway",
        "@cfn-modules/vpc-plain",
        "@cfn-modules/vpc-subnet"
      ],
      "dependencies": {
        "@cfn-modules/vpc-flow-log": "*",
        "@cfn-modules/vpc-nat-gateway": "*",
        "@cfn-modules/vpc-plain": "*",
        "@cfn-modules/vpc-subnet": "*"
      }
    },
    "node_modules/@cfn-modules/vpc/node_modules/@cfn-modules/vpc-flow-log": {
      "version": "1.1.0",
      "inBundle": true,
      "license": "Apache-2.0"
    },
    "node_modules/@cfn-modules/vpc/node_modules/@cfn-modules/vpc-nat-gateway": {
      "version": "1.1.0",
      "inBundle": true,
      "license": "Apache-2.0"
    },
    "node_modules/@cfn-modules/vpc/node_modules/@cfn-modules/vpc-plain": {
      "version": "1.0.0",
      "inBundle": true,
      "license": "Apache-2.0"
    },
    "node_modules/@cfn-modules/vpc/node_modules/@cfn-modules/vpc-subnet": {
      "version": "1.0.0",
      "inBundle": true,
      "license": "Apache-2.0"
    }
  },
  "dependencies": {
    "@cfn-modules/alb": {
      "version": "1.0.4",
      "resolved": "https://registry.npmjs.org/@cfn-modules/alb/-/alb-1.0.4.tgz",
      "integrity": "sha512-eeuHmxFSU60lw0xjZ0syLRbFqUV1qO94azO9Hr9/RASneD2yGvFWO2wS6XzezXS5//HwTv+rW3iskUWwi/8vfA=="
    },
    "@cfn-modules/alb-listener": {
      "version": "1.2.0",
      "resolved": "https://registry.npmjs.org/@cfn-modules/alb-listener/-/alb-listener-1.2.0.tgz",
      "integrity": "sha512-XAcXsn2sHkBWcjQNkuor6R6HCb3d4jdXpDzX7dwNmBT/5G/BPv0WiKIyI8EijJ13O3Nu+uqlkU97H10UmP8xaA=="
    },
    "@cfn-modules/client-sg": {
      "version": "1.0.0",
      "resolved": "https://registry.npmjs.org/@cfn-modules/client-sg/-/client-sg-1.0.0.tgz",
      "integrity": "sha512-onauCbqqXYn/coJhdwvpcZU8XK9WZwA66AChsSQwSBBj+JLvByTXXRep7x/hWL11JQ7eIjOuDKsF8GK1D22Tjw=="
    },
    "@cfn-modules/ecs-alb-target": {
      "version": "1.4.0",
      "resolved": "https://registry.npmjs.org/@cfn-modules/ecs-alb-target/-/ecs-alb-target-1.4.0.tgz",
      "integrity": "sha512-N+NEBxt5lShLoP22QnOqIvbL0lworB5nKwbmNUNVbIDjTZ0xS/+OXkit+qNKoWEBuztj30QjK2kujJOjTCwjdg=="
    },
    "@cfn-modules/ecs-cluster": {
      "version": "1.1.0",
      "resolved": "https://registry.npmjs.org/@cfn-modules/ecs-cluster/-/ecs-cluster-1.1.0.tgz",
      "integrity": "sha512-Kai7lgLjUBHznkOl6iqY2daTOLAOwOMaB/Vl5PdBFuhdIsqLubfVSJ0GdRuowgGPoWsq4ubmI4JVgJdzh13rDA=="
    },
    "@cfn-modules/efs-file-system": {
      "version": "1.3.0",
      "resolved": "https://registry.npmjs.org/@cfn-modules/efs-file-system/-/efs-file-system-1.3.0.tgz",
      "integrity": "sha512-7Bzdj+K/SQ6lwNpW1IF0iePADepJ+dfnb+9SkQOPk6iU2y8OoQI/W7zccNOVmcHBlNbhvQwi5f27WLhBr9R22Q=="
    },
    "@cfn-modules/fargate-service": {
      "version": "2.11.0",
      "resolved": "https://registry.npmjs.org/@cfn-modules/fargate-service/-/fargate-service-2.11.0.tgz",
      "integrity": "sha512-QzJwhEf3lt562cC6SPPMwxiKRjUGncQIirSmScSukMHpeqJB2tmLM6ib84RqfQbtvNd7N7dR7Wvz8jQ9Zw6UyA=="
    },
    "@cfn-modules/rds-mysql": {
      "version": "1.3.0",
      "resolved": "https://registry.npmjs.org/@cfn-modules/rds-mysql/-/rds-mysql-1.3.0.tgz",
      "integrity": "sha512-RvapNyDHvWjE3cVSaWVqAzSdm8Xy2rPEZYwoRkstezlQLBYL7VZCb96hJSkPY4uFAQ7a5gx4yzMTI1glrl3JGQ==",
      "requires": {
        "@cfn-modules/rds-instance": "*"
      },
      "dependencies": {
        "@cfn-modules/rds-instance": {
          "version": "1.2.0",
          "bundled": true
        }
      }
    },
    "@cfn-modules/vpc": {
      "version": "1.3.0",
      "resolved": "https://registry.npmjs.org/@cfn-modules/vpc/-/vpc-1.3.0.tgz",
      "integrity": "sha512-EqTbS1zT+3B+ZjANv5z8QfMMIKl1beSTY084jIyW+bSy9I61Okwh+6ULJ7QPFKlEvrLLHhOLczUwe+TwmLAFWA==",
      "requires": {
        "@cfn-modules/vpc-flow-log": "*",
        "@cfn-modules/vpc-nat-gateway": "*",
        "@cfn-modules/vpc-plain": "*",
        "@cfn-modules/vpc-subnet": "*"
      },
      "dependencies": {
        "@cfn-modules/vpc-flow-log": {
          "version": "1.1.0",
          "bundled": true
        },
        "@cfn-modules/vpc-nat-gateway": {
          "version": "1.1.0",
          "bundled": true
        },
        "@cfn-modules/vpc-plain": {
          "version": "1.0.0",
          "bundled": true
        },
        "@cfn-modules/vpc-subnet": {
          "version": "1.0.0",
          "bundled": true
        }
      }
    }
  }
}
